
Microsoft Visual Studio Solution File, Format Version 12.00
# Visual Studio Version 16
VisualStudioVersion = 16.0.30621.155
MinimumVisualStudioVersion = 10.0.40219.1
Project("{FAE04EC0-301F-11D3-BF4B-00C04F79EFBC}") = "WebApplication1", "WebApplication1\WebApplication1.csproj", "{A96520C9-2F62-49DE-9DA9-69FC056B9901}"
EndProject
Global
	GlobalSection(SolutionConfigurationPlatforms) = preSolution
		Debug|Any CPU = Debug|Any CPU
		Release|Any CPU = Release|Any CPU
	EndGlobalSection
	GlobalSection(ProjectConfigurationPlatforms) = postSolution
		{A96520C9-2F62-49DE-9DA9-69FC056B9901}.Debug|Any CPU.ActiveCfg = Debug|Any CPU
		{A96520C9-2F62-49DE-9DA9-69FC056B9901}.Debug|Any CPU.Build.0 = Debug|Any CPU
		{A96520C9-2F62-49DE-9DA9-69FC056B9901}.Release|Any CPU.ActiveCfg = Release|Any CPU
		{A96520C9-2F62-49DE-9DA9-69FC056B9901}.Release|Any CPU.Build.0 = Release|Any CPU
	EndGlobalSection
	GlobalSection(SolutionProperties) = preSolution
		HideSolutionNode = FALSE
	EndGlobalSection
	GlobalSection(ExtensibilityGlobals) = postSolution
		SolutionGuid = {241F47C0-CDFA-42C6-B517-62174E9A51B3}
	EndGlobalSection
EndGlobal
